{
  "version": 4,
  "terraform_version": "1.14.2",
  "serial": 16,
  "lineage": "a3bf5236-1a68-45f3-635d-4a115f20dad9",
  "outputs": {},
  "resources": [
    {
      "mode": "managed",
      "type": "aws_cognito_user_pool",
      "name": "fromprom",
      "provider": "provider[\"registry.terraform.io/hashicorp/aws\"].us-east-1",
      "instances": [
        {
          "schema_version": 0,
          "attributes": {
            "account_recovery_setting": [
              {
                "recovery_mechanism": [
                  {
                    "name": "verified_email",
                    "priority": 1
                  },
                  {
                    "name": "verified_phone_number",
                    "priority": 2
                  }
                ]
              }
            ],
            "admin_create_user_config": [
              {
                "allow_admin_create_user_only": false,
                "invite_message_template": []
              }
            ],
            "alias_attributes": null,
            "arn": "arn:aws:cognito-idp:us-east-1:261595668962:userpool/us-east-1_zrmVFhDK4",
            "auto_verified_attributes": [
              "email"
            ],
            "creation_date": "2026-01-14T11:03:40Z",
            "custom_domain": "",
            "deletion_protection": "ACTIVE",
            "device_configuration": [],
            "domain": "us-east-1zrmvfhdk4",
            "email_configuration": [
              {
                "configuration_set": "",
                "email_sending_account": "COGNITO_DEFAULT",
                "from_email_address": "",
                "reply_to_email_address": "",
                "source_arn": ""
              }
            ],
            "email_mfa_configuration": [],
            "email_verification_message": "",
            "email_verification_subject": "",
            "endpoint": "cognito-idp.us-east-1.amazonaws.com/us-east-1_zrmVFhDK4",
            "estimated_number_of_users": 0,
            "id": "us-east-1_zrmVFhDK4",
            "lambda_config": [],
            "last_modified_date": "2026-01-14T11:04:03Z",
            "mfa_configuration": "OFF",
            "name": "User pool - FromProm",
            "password_policy": [
              {
                "minimum_length": 8,
                "password_history_size": 0,
                "require_lowercase": true,
                "require_numbers": true,
                "require_symbols": true,
                "require_uppercase": true,
                "temporary_password_validity_days": 7
              }
            ],
            "region": "us-east-1",
            "schema": [
              {
                "attribute_data_type": "String",
                "developer_only_attribute": false,
                "mutable": true,
                "name": "email",
                "number_attribute_constraints": [],
                "required": true,
                "string_attribute_constraints": [
                  {
                    "max_length": "2048",
                    "min_length": "0"
                  }
                ]
              },
              {
                "attribute_data_type": "String",
                "developer_only_attribute": false,
                "mutable": true,
                "name": "nickname",
                "number_attribute_constraints": [],
                "required": true,
                "string_attribute_constraints": [
                  {
                    "max_length": "2048",
                    "min_length": "0"
                  }
                ]
              }
            ],
            "sign_in_policy": [
              {
                "allowed_first_auth_factors": [
                  "PASSWORD"
                ]
              }
            ],
            "sms_authentication_message": "",
            "sms_configuration": [],
            "sms_verification_message": "",
            "software_token_mfa_configuration": [],
            "tags": {},
            "tags_all": {},
            "user_attribute_update_settings": [],
            "user_pool_add_ons": [],
            "user_pool_tier": "ESSENTIALS",
            "username_attributes": [
              "email"
            ],
            "username_configuration": [
              {
                "case_sensitive": false
              }
            ],
            "verification_message_template": [
              {
                "default_email_option": "CONFIRM_WITH_CODE",
                "email_message": "",
                "email_message_by_link": "",
                "email_subject": "",
                "email_subject_by_link": "",
                "sms_message": ""
              }
            ],
            "web_authn_configuration": []
          },
          "sensitive_attributes": [],
          "identity_schema_version": 0,
          "private": "eyJzY2hlbWFfdmVyc2lvbiI6IjAifQ=="
        }
      ]
    },
    {
      "mode": "managed",
      "type": "aws_cognito_user_pool_client",
      "name": "fromprom",
      "provider": "provider[\"registry.terraform.io/hashicorp/aws\"].us-east-1",
      "instances": [
        {
          "schema_version": 0,
          "attributes": {
            "access_token_validity": 60,
            "allowed_oauth_flows": [
              "code"
            ],
            "allowed_oauth_flows_user_pool_client": true,
            "allowed_oauth_scopes": [
              "email",
              "openid",
              "phone"
            ],
            "analytics_configuration": [],
            "auth_session_validity": 3,
            "callback_urls": [
              "https://d84l1y8p4kdic.cloudfront.net"
            ],
            "client_secret": "",
            "default_redirect_uri": "",
            "enable_propagate_additional_user_context_data": false,
            "enable_token_revocation": true,
            "explicit_auth_flows": [
              "ALLOW_REFRESH_TOKEN_AUTH",
              "ALLOW_USER_AUTH",
              "ALLOW_USER_SRP_AUTH"
            ],
            "generate_secret": null,
            "id": "72drhbh77ib3e50aqlqh9faevf",
            "id_token_validity": 60,
            "logout_urls": [],
            "name": "FromProm",
            "prevent_user_existence_errors": "ENABLED",
            "read_attributes": [],
            "refresh_token_rotation": [],
            "refresh_token_validity": 5,
            "region": "us-east-1",
            "supported_identity_providers": [
              "COGNITO"
            ],
            "token_validity_units": [
              {
                "access_token": "minutes",
                "id_token": "minutes",
                "refresh_token": "days"
              }
            ],
            "user_pool_id": "us-east-1_zrmVFhDK4",
            "write_attributes": []
          },
          "sensitive_attributes": [
            [
              {
                "type": "get_attr",
                "value": "client_secret"
              }
            ]
          ],
          "identity_schema_version": 0
        }
      ]
    },
    {
      "mode": "managed",
      "type": "aws_cognito_user_pool_domain",
      "name": "fromprom",
      "provider": "provider[\"registry.terraform.io/hashicorp/aws\"].us-east-1",
      "instances": [
        {
          "schema_version": 0,
          "attributes": {
            "aws_account_id": "261595668962",
            "certificate_arn": "",
            "cloudfront_distribution": "d3oia8etllorh5.cloudfront.net",
            "cloudfront_distribution_arn": "d3oia8etllorh5.cloudfront.net",
            "cloudfront_distribution_zone_id": "Z2FDTNDATAQYW2",
            "domain": "us-east-1zrmvfhdk4",
            "id": "us-east-1zrmvfhdk4",
            "managed_login_version": 2,
            "region": "us-east-1",
            "s3_bucket": "aws-cognito-prod-iad-assets",
            "user_pool_id": "us-east-1_zrmVFhDK4",
            "version": "20260114110341"
          },
          "sensitive_attributes": [],
          "identity_schema_version": 0,
          "private": "eyJzY2hlbWFfdmVyc2lvbiI6IjAifQ=="
        }
      ]
    },
    {
      "mode": "managed",
      "type": "aws_dynamodb_table",
      "name": "fromprom",
      "provider": "provider[\"registry.terraform.io/hashicorp/aws\"]",
      "instances": [
        {
          "schema_version": 1,
          "attributes": {
            "arn": "arn:aws:dynamodb:ap-northeast-2:261595668962:table/FromProm_Table",
            "attribute": [
              {
                "name": "BOOKMARK_INDEX_PK",
                "type": "S"
              },
              {
                "name": "BOOKMARK_INDEX_SK",
                "type": "S"
              },
              {
                "name": "CREDIT_INDEX_PK",
                "type": "S"
              },
              {
                "name": "CREDIT_INDEX_SK",
                "type": "S"
              },
              {
                "name": "LIKE_INDEX_PK",
                "type": "S"
              },
              {
                "name": "LIKE_INDEX_SK",
                "type": "S"
              },
              {
                "name": "PK",
                "type": "S"
              },
              {
                "name": "PROMPT_INDEX_PK",
                "type": "S"
              },
              {
                "name": "PROMPT_INDEX_SK",
                "type": "S"
              },
              {
                "name": "SK",
                "type": "S"
              },
              {
                "name": "email",
                "type": "S"
              },
              {
                "name": "nickname",
                "type": "S"
              }
            ],
            "billing_mode": "PAY_PER_REQUEST",
            "deletion_protection_enabled": false,
            "global_secondary_index": [
              {
                "hash_key": "BOOKMARK_INDEX_PK",
                "name": "bookmark-index",
                "non_key_attributes": [],
                "on_demand_throughput": [],
                "projection_type": "ALL",
                "range_key": "BOOKMARK_INDEX_SK",
                "read_capacity": 0,
                "warm_throughput": [],
                "write_capacity": 0
              },
              {
                "hash_key": "CREDIT_INDEX_PK",
                "name": "credit-index",
                "non_key_attributes": [],
                "on_demand_throughput": [],
                "projection_type": "ALL",
                "range_key": "CREDIT_INDEX_SK",
                "read_capacity": 0,
                "warm_throughput": [],
                "write_capacity": 0
              },
              {
                "hash_key": "LIKE_INDEX_PK",
                "name": "like-index",
                "non_key_attributes": [],
                "on_demand_throughput": [],
                "projection_type": "ALL",
                "range_key": "LIKE_INDEX_SK",
                "read_capacity": 0,
                "warm_throughput": [],
                "write_capacity": 0
              },
              {
                "hash_key": "PROMPT_INDEX_PK",
                "name": "prompt-index",
                "non_key_attributes": [],
                "on_demand_throughput": [],
                "projection_type": "ALL",
                "range_key": "PROMPT_INDEX_SK",
                "read_capacity": 0,
                "warm_throughput": [],
                "write_capacity": 0
              },
              {
                "hash_key": "email",
                "name": "email-index",
                "non_key_attributes": [],
                "on_demand_throughput": [],
                "projection_type": "ALL",
                "range_key": "",
                "read_capacity": 0,
                "warm_throughput": [],
                "write_capacity": 0
              },
              {
                "hash_key": "nickname",
                "name": "nickname-index",
                "non_key_attributes": [],
                "on_demand_throughput": [],
                "projection_type": "ALL",
                "range_key": "",
                "read_capacity": 0,
                "warm_throughput": [],
                "write_capacity": 0
              }
            ],
            "global_table_witness": [],
            "hash_key": "PK",
            "id": "FromProm_Table",
            "import_table": [],
            "local_secondary_index": [],
            "name": "FromProm_Table",
            "on_demand_throughput": [],
            "point_in_time_recovery": [
              {
                "enabled": true,
                "recovery_period_in_days": 35
              }
            ],
            "range_key": "SK",
            "read_capacity": 0,
            "region": "ap-northeast-2",
            "replica": [],
            "restore_date_time": null,
            "restore_source_name": null,
            "restore_source_table_arn": null,
            "restore_to_latest_time": null,
            "server_side_encryption": [],
            "stream_arn": "",
            "stream_enabled": false,
            "stream_label": "",
            "stream_view_type": "",
            "table_class": "STANDARD",
            "tags": {},
            "tags_all": {},
            "timeouts": null,
            "ttl": [
              {
                "attribute_name": "",
                "enabled": false
              }
            ],
            "warm_throughput": [],
            "write_capacity": 0
          },
          "sensitive_attributes": [],
          "identity_schema_version": 0,
          "private": "eyJlMmJmYjczMC1lY2FhLTExZTYtOGY4OC0zNDM2M2JjN2M0YzAiOnsiY3JlYXRlIjoxODAwMDAwMDAwMDAwLCJkZWxldGUiOjYwMDAwMDAwMDAwMCwidXBkYXRlIjozNjAwMDAwMDAwMDAwfSwic2NoZW1hX3ZlcnNpb24iOiIxIn0="
        }
      ]
    },
    {
      "mode": "managed",
      "type": "aws_ecr_repository",
      "name": "ai",
      "provider": "provider[\"registry.terraform.io/hashicorp/aws\"]",
      "instances": [
        {
          "schema_version": 0,
          "attributes": {
            "arn": "arn:aws:ecr:ap-northeast-2:261595668962:repository/fromprom/ai",
            "encryption_configuration": [
              {
                "encryption_type": "AES256",
                "kms_key": ""
              }
            ],
            "force_delete": null,
            "id": "fromprom/ai",
            "image_scanning_configuration": [
              {
                "scan_on_push": true
              }
            ],
            "image_tag_mutability": "MUTABLE",
            "image_tag_mutability_exclusion_filter": [],
            "name": "fromprom/ai",
            "region": "ap-northeast-2",
            "registry_id": "261595668962",
            "repository_url": "261595668962.dkr.ecr.ap-northeast-2.amazonaws.com/fromprom/ai",
            "tags": {},
            "tags_all": {},
            "timeouts": null
          },
          "sensitive_attributes": [],
          "identity_schema_version": 0,
          "identity": {
            "account_id": "261595668962",
            "name": "fromprom/ai",
            "region": "ap-northeast-2"
          },
          "private": "eyJlMmJmYjczMC1lY2FhLTExZTYtOGY4OC0zNDM2M2JjN2M0YzAiOnsiZGVsZXRlIjoxMjAwMDAwMDAwMDAwfSwic2NoZW1hX3ZlcnNpb24iOiIwIn0="
        }
      ]
    },
    {
      "mode": "managed",
      "type": "aws_ecr_repository",
      "name": "auth",
      "provider": "provider[\"registry.terraform.io/hashicorp/aws\"]",
      "instances": [
        {
          "schema_version": 0,
          "attributes": {
            "arn": "arn:aws:ecr:ap-northeast-2:261595668962:repository/fromprom/auth",
            "encryption_configuration": [
              {
                "encryption_type": "AES256",
                "kms_key": ""
              }
            ],
            "force_delete": null,
            "id": "fromprom/auth",
            "image_scanning_configuration": [
              {
                "scan_on_push": true
              }
            ],
            "image_tag_mutability": "MUTABLE",
            "image_tag_mutability_exclusion_filter": [],
            "name": "fromprom/auth",
            "region": "ap-northeast-2",
            "registry_id": "261595668962",
            "repository_url": "261595668962.dkr.ecr.ap-northeast-2.amazonaws.com/fromprom/auth",
            "tags": {},
            "tags_all": {},
            "timeouts": null
          },
          "sensitive_attributes": [],
          "identity_schema_version": 0,
          "identity": {
            "account_id": "261595668962",
            "name": "fromprom/auth",
            "region": "ap-northeast-2"
          },
          "private": "eyJlMmJmYjczMC1lY2FhLTExZTYtOGY4OC0zNDM2M2JjN2M0YzAiOnsiZGVsZXRlIjoxMjAwMDAwMDAwMDAwfSwic2NoZW1hX3ZlcnNpb24iOiIwIn0="
        }
      ]
    },
    {
      "mode": "managed",
      "type": "aws_ecr_repository",
      "name": "front",
      "provider": "provider[\"registry.terraform.io/hashicorp/aws\"]",
      "instances": [
        {
          "schema_version": 0,
          "attributes": {
            "arn": "arn:aws:ecr:ap-northeast-2:261595668962:repository/fromprom/front",
            "encryption_configuration": [
              {
                "encryption_type": "AES256",
                "kms_key": ""
              }
            ],
            "force_delete": null,
            "id": "fromprom/front",
            "image_scanning_configuration": [
              {
                "scan_on_push": false
              }
            ],
            "image_tag_mutability": "MUTABLE",
            "image_tag_mutability_exclusion_filter": [],
            "name": "fromprom/front",
            "region": "ap-northeast-2",
            "registry_id": "261595668962",
            "repository_url": "261595668962.dkr.ecr.ap-northeast-2.amazonaws.com/fromprom/front",
            "tags": {},
            "tags_all": {},
            "timeouts": null
          },
          "sensitive_attributes": [],
          "identity_schema_version": 0,
          "identity": {
            "account_id": "261595668962",
            "name": "fromprom/front",
            "region": "ap-northeast-2"
          },
          "private": "eyJlMmJmYjczMC1lY2FhLTExZTYtOGY4OC0zNDM2M2JjN2M0YzAiOnsiZGVsZXRlIjoxMjAwMDAwMDAwMDAwfSwic2NoZW1hX3ZlcnNpb24iOiIwIn0="
        }
      ]
    },
    {
      "mode": "managed",
      "type": "aws_ecr_repository",
      "name": "search",
      "provider": "provider[\"registry.terraform.io/hashicorp/aws\"]",
      "instances": [
        {
          "schema_version": 0,
          "attributes": {
            "arn": "arn:aws:ecr:ap-northeast-2:261595668962:repository/fromprom/search",
            "encryption_configuration": [
              {
                "encryption_type": "AES256",
                "kms_key": ""
              }
            ],
            "force_delete": null,
            "id": "fromprom/search",
            "image_scanning_configuration": [
              {
                "scan_on_push": true
              }
            ],
            "image_tag_mutability": "MUTABLE",
            "image_tag_mutability_exclusion_filter": [],
            "name": "fromprom/search",
            "region": "ap-northeast-2",
            "registry_id": "261595668962",
            "repository_url": "261595668962.dkr.ecr.ap-northeast-2.amazonaws.com/fromprom/search",
            "tags": {},
            "tags_all": {},
            "timeouts": null
          },
          "sensitive_attributes": [],
          "identity_schema_version": 0,
          "identity": {
            "account_id": "261595668962",
            "name": "fromprom/search",
            "region": "ap-northeast-2"
          },
          "private": "eyJlMmJmYjczMC1lY2FhLTExZTYtOGY4OC0zNDM2M2JjN2M0YzAiOnsiZGVsZXRlIjoxMjAwMDAwMDAwMDAwfSwic2NoZW1hX3ZlcnNpb24iOiIwIn0="
        }
      ]
    },
    {
      "mode": "managed",
      "type": "aws_s3_bucket",
      "name": "front",
      "provider": "provider[\"registry.terraform.io/hashicorp/aws\"]",
      "instances": [
        {
          "schema_version": 0,
          "attributes": {
            "acceleration_status": "",
            "acl": null,
            "arn": "arn:aws:s3:::fromprom-front",
            "bucket": "fromprom-front",
            "bucket_domain_name": "fromprom-front.s3.amazonaws.com",
            "bucket_prefix": "",
            "bucket_region": "ap-northeast-2",
            "bucket_regional_domain_name": "fromprom-front.s3.ap-northeast-2.amazonaws.com",
            "cors_rule": [],
            "force_destroy": false,
            "grant": [
              {
                "id": "4995e52bc49ad117bc140a605d3142e458550bac1a6465a8c5d91c59c656c4e6",
                "permissions": [
                  "FULL_CONTROL"
                ],
                "type": "CanonicalUser",
                "uri": ""
              }
            ],
            "hosted_zone_id": "Z3W03O7B5YMIYP",
            "id": "fromprom-front",
            "lifecycle_rule": [
              {
                "abort_incomplete_multipart_upload_days": 0,
                "enabled": true,
                "expiration": [],
                "id": "Delete_Old_Version",
                "noncurrent_version_expiration": [
                  {
                    "days": 7
                  }
                ],
                "noncurrent_version_transition": [],
                "prefix": "",
                "tags": {},
                "transition": []
              }
            ],
            "logging": [],
            "object_lock_configuration": [],
            "object_lock_enabled": false,
            "policy": "{\"Id\":\"PolicyForCloudFrontPrivateContent\",\"Statement\":[{\"Action\":\"s3:GetObject\",\"Condition\":{\"ArnLike\":{\"AWS:SourceArn\":\"arn:aws:cloudfront::261595668962:distribution/EG7FX7T09AU1S\"}},\"Effect\":\"Allow\",\"Principal\":{\"Service\":\"cloudfront.amazonaws.com\"},\"Resource\":\"arn:aws:s3:::fromprom-front/*\",\"Sid\":\"AllowCloudFrontServicePrincipal\"}],\"Version\":\"2008-10-17\"}",
            "region": "ap-northeast-2",
            "replication_configuration": [],
            "request_payer": "BucketOwner",
            "server_side_encryption_configuration": [
              {
                "rule": [
                  {
                    "apply_server_side_encryption_by_default": [
                      {
                        "kms_master_key_id": "",
                        "sse_algorithm": "AES256"
                      }
                    ],
                    "bucket_key_enabled": true
                  }
                ]
              }
            ],
            "tags": {},
            "tags_all": {},
            "timeouts": null,
            "versioning": [
              {
                "enabled": true,
                "mfa_delete": false
              }
            ],
            "website": [
              {
                "error_document": "index.html",
                "index_document": "index.html",
                "redirect_all_requests_to": "",
                "routing_rules": ""
              }
            ],
            "website_domain": "s3-website.ap-northeast-2.amazonaws.com",
            "website_endpoint": "fromprom-front.s3-website.ap-northeast-2.amazonaws.com"
          },
          "sensitive_attributes": [],
          "identity_schema_version": 0,
          "identity": {
            "account_id": "261595668962",
            "bucket": "fromprom-front",
            "region": "ap-northeast-2"
          },
          "private": "eyJlMmJmYjczMC1lY2FhLTExZTYtOGY4OC0zNDM2M2JjN2M0YzAiOnsiY3JlYXRlIjoxMjAwMDAwMDAwMDAwLCJkZWxldGUiOjM2MDAwMDAwMDAwMDAsInJlYWQiOjEyMDAwMDAwMDAwMDAsInVwZGF0ZSI6MTIwMDAwMDAwMDAwMH0sInNjaGVtYV92ZXJzaW9uIjoiMCJ9"
        }
      ]
    },
    {
      "mode": "managed",
      "type": "aws_s3_bucket_public_access_block",
      "name": "front",
      "provider": "provider[\"registry.terraform.io/hashicorp/aws\"]",
      "instances": [
        {
          "schema_version": 0,
          "attributes": {
            "block_public_acls": true,
            "block_public_policy": true,
            "bucket": "fromprom-front",
            "id": "fromprom-front",
            "ignore_public_acls": true,
            "region": "ap-northeast-2",
            "restrict_public_buckets": true,
            "skip_destroy": null
          },
          "sensitive_attributes": [],
          "identity_schema_version": 0,
          "identity": {
            "account_id": "261595668962",
            "bucket": "fromprom-front",
            "region": "ap-northeast-2"
          },
          "private": "eyJzY2hlbWFfdmVyc2lvbiI6IjAifQ=="
        }
      ]
    },
    {
      "mode": "managed",
      "type": "aws_s3_bucket_server_side_encryption_configuration",
      "name": "front",
      "provider": "provider[\"registry.terraform.io/hashicorp/aws\"]",
      "instances": [
        {
          "schema_version": 0,
          "attributes": {
            "bucket": "fromprom-front",
            "expected_bucket_owner": "",
            "id": "fromprom-front",
            "region": "ap-northeast-2",
            "rule": [
              {
                "apply_server_side_encryption_by_default": [
                  {
                    "kms_master_key_id": "",
                    "sse_algorithm": "AES256"
                  }
                ],
                "blocked_encryption_types": [],
                "bucket_key_enabled": true
              }
            ]
          },
          "sensitive_attributes": [],
          "identity_schema_version": 0,
          "identity": {
            "account_id": "261595668962",
            "bucket": "fromprom-front",
            "expected_bucket_owner": null,
            "region": "ap-northeast-2"
          },
          "private": "eyJzY2hlbWFfdmVyc2lvbiI6IjAifQ=="
        }
      ]
    },
    {
      "mode": "managed",
      "type": "aws_s3_bucket_versioning",
      "name": "front",
      "provider": "provider[\"registry.terraform.io/hashicorp/aws\"]",
      "instances": [
        {
          "schema_version": 0,
          "attributes": {
            "bucket": "fromprom-front",
            "expected_bucket_owner": "",
            "id": "fromprom-front",
            "mfa": null,
            "region": "ap-northeast-2",
            "versioning_configuration": [
              {
                "mfa_delete": "",
                "status": "Enabled"
              }
            ]
          },
          "sensitive_attributes": [],
          "identity_schema_version": 0,
          "identity": {
            "account_id": "261595668962",
            "bucket": "fromprom-front",
            "expected_bucket_owner": null,
            "region": "ap-northeast-2"
          },
          "private": "eyJzY2hlbWFfdmVyc2lvbiI6IjAifQ=="
        }
      ]
    },
    {
      "mode": "managed",
      "type": "aws_s3_bucket_website_configuration",
      "name": "front",
      "provider": "provider[\"registry.terraform.io/hashicorp/aws\"]",
      "instances": [
        {
          "schema_version": 0,
          "attributes": {
            "bucket": "fromprom-front",
            "error_document": [
              {
                "key": "index.html"
              }
            ],
            "expected_bucket_owner": "",
            "id": "fromprom-front",
            "index_document": [
              {
                "suffix": "index.html"
              }
            ],
            "redirect_all_requests_to": [],
            "region": "ap-northeast-2",
            "routing_rule": [],
            "routing_rules": "",
            "website_domain": "s3-website.ap-northeast-2.amazonaws.com",
            "website_endpoint": "fromprom-front.s3-website.ap-northeast-2.amazonaws.com"
          },
          "sensitive_attributes": [],
          "identity_schema_version": 0,
          "identity": {
            "account_id": "261595668962",
            "bucket": "fromprom-front",
            "expected_bucket_owner": null,
            "region": "ap-northeast-2"
          },
          "private": "eyJzY2hlbWFfdmVyc2lvbiI6IjAifQ=="
        }
      ]
    },
    {
      "mode": "managed",
      "type": "aws_sns_topic",
      "name": "fromprom",
      "provider": "provider[\"registry.terraform.io/hashicorp/aws\"]",
      "instances": [
        {
          "schema_version": 0,
          "attributes": {
            "application_failure_feedback_role_arn": "",
            "application_success_feedback_role_arn": "",
            "application_success_feedback_sample_rate": 0,
            "archive_policy": "",
            "arn": "arn:aws:sns:ap-northeast-2:261595668962:fromprom_sns",
            "beginning_archive_time": "",
            "content_based_deduplication": false,
            "delivery_policy": "",
            "display_name": "",
            "fifo_throughput_scope": "",
            "fifo_topic": false,
            "firehose_failure_feedback_role_arn": "",
            "firehose_success_feedback_role_arn": "",
            "firehose_success_feedback_sample_rate": 0,
            "http_failure_feedback_role_arn": "",
            "http_success_feedback_role_arn": "",
            "http_success_feedback_sample_rate": 0,
            "id": "arn:aws:sns:ap-northeast-2:261595668962:fromprom_sns",
            "kms_master_key_id": "",
            "lambda_failure_feedback_role_arn": "",
            "lambda_success_feedback_role_arn": "",
            "lambda_success_feedback_sample_rate": 0,
            "name": "fromprom_sns",
            "name_prefix": "",
            "owner": "261595668962",
            "policy": "{\"Id\":\"__default_policy_ID\",\"Statement\":[{\"Action\":[\"SNS:Publish\",\"SNS:RemovePermission\",\"SNS:SetTopicAttributes\",\"SNS:DeleteTopic\",\"SNS:ListSubscriptionsByTopic\",\"SNS:GetTopicAttributes\",\"SNS:AddPermission\",\"SNS:Subscribe\"],\"Condition\":{\"StringEquals\":{\"AWS:SourceAccount\":\"261595668962\"}},\"Effect\":\"Allow\",\"Principal\":{\"AWS\":\"*\"},\"Resource\":\"arn:aws:sns:ap-northeast-2:261595668962:fromprom_sns\",\"Sid\":\"__default_statement_ID\"}],\"Version\":\"2008-10-17\"}",
            "region": "ap-northeast-2",
            "signature_version": 0,
            "sqs_failure_feedback_role_arn": "arn:aws:iam::261595668962:role/SNSFailureFeedback_1768375790116",
            "sqs_success_feedback_role_arn": "arn:aws:iam::261595668962:role/SNSSuccessFeedback_1768375790116",
            "sqs_success_feedback_sample_rate": 100,
            "tags": {},
            "tags_all": {},
            "tracing_config": "PassThrough"
          },
          "sensitive_attributes": [],
          "identity_schema_version": 0,
          "identity": {
            "arn": "arn:aws:sns:ap-northeast-2:261595668962:fromprom_sns"
          },
          "private": "eyJzY2hlbWFfdmVyc2lvbiI6IjAifQ=="
        }
      ]
    },
    {
      "mode": "managed",
      "type": "aws_sqs_queue",
      "name": "ai_queue",
      "provider": "provider[\"registry.terraform.io/hashicorp/aws\"].us-east-1",
      "instances": [
        {
          "schema_version": 0,
          "attributes": {
            "arn": "arn:aws:sqs:us-east-1:261595668962:prompt-evaluation-queue",
            "content_based_deduplication": false,
            "deduplication_scope": "",
            "delay_seconds": 0,
            "fifo_queue": false,
            "fifo_throughput_limit": "",
            "id": "https://sqs.us-east-1.amazonaws.com/261595668962/prompt-evaluation-queue",
            "kms_data_key_reuse_period_seconds": 300,
            "kms_master_key_id": "",
            "max_message_size": 1048576,
            "message_retention_seconds": 345600,
            "name": "prompt-evaluation-queue",
            "name_prefix": "",
            "policy": "{\"Id\":\"__default_policy_ID\",\"Statement\":[{\"Action\":\"SQS:*\",\"Effect\":\"Allow\",\"Principal\":{\"AWS\":\"arn:aws:iam::261595668962:root\"},\"Resource\":\"arn:aws:sqs:us-east-1:261595668962:prompt-evaluation-queue\",\"Sid\":\"__owner_statement\"},{\"Action\":\"SQS:SendMessage\",\"Condition\":{\"ArnLike\":{\"aws:SourceArn\":\"arn:aws:sns:ap-northeast-2:261595668962:fromprom_sns\"}},\"Effect\":\"Allow\",\"Principal\":{\"Service\":\"sns.amazonaws.com\"},\"Resource\":\"arn:aws:sqs:us-east-1:261595668962:prompt-evaluation-queue\",\"Sid\":\"topic-subscription-arn:aws:sns:ap-northeast-2:261595668962:fromprom_sns\"}],\"Version\":\"2012-10-17\"}",
            "receive_wait_time_seconds": 0,
            "redrive_allow_policy": "",
            "redrive_policy": "{\"deadLetterTargetArn\":\"arn:aws:sqs:us-east-1:261595668962:fromprom-dlq\",\"maxReceiveCount\":3}",
            "region": "us-east-1",
            "sqs_managed_sse_enabled": true,
            "tags": {},
            "tags_all": {},
            "timeouts": null,
            "url": "https://sqs.us-east-1.amazonaws.com/261595668962/prompt-evaluation-queue",
            "visibility_timeout_seconds": 900
          },
          "sensitive_attributes": [],
          "identity_schema_version": 1,
          "identity": {
            "url": "https://sqs.us-east-1.amazonaws.com/261595668962/prompt-evaluation-queue"
          },
          "private": "eyJlMmJmYjczMC1lY2FhLTExZTYtOGY4OC0zNDM2M2JjN2M0YzAiOnsiY3JlYXRlIjoxODAwMDAwMDAwMDAsImRlbGV0ZSI6MTgwMDAwMDAwMDAwLCJ1cGRhdGUiOjE4MDAwMDAwMDAwMH0sInNjaGVtYV92ZXJzaW9uIjoiMCJ9"
        }
      ]
    },
    {
      "mode": "managed",
      "type": "aws_sqs_queue",
      "name": "dlq",
      "provider": "provider[\"registry.terraform.io/hashicorp/aws\"].us-east-1",
      "instances": [
        {
          "schema_version": 0,
          "attributes": {
            "arn": "arn:aws:sqs:us-east-1:261595668962:fromprom-dlq",
            "content_based_deduplication": false,
            "deduplication_scope": "",
            "delay_seconds": 0,
            "fifo_queue": false,
            "fifo_throughput_limit": "",
            "id": "https://sqs.us-east-1.amazonaws.com/261595668962/fromprom-dlq",
            "kms_data_key_reuse_period_seconds": 300,
            "kms_master_key_id": "",
            "max_message_size": 1048576,
            "message_retention_seconds": 345600,
            "name": "fromprom-dlq",
            "name_prefix": "",
            "policy": "{\"Id\":\"__default_policy_ID\",\"Statement\":[{\"Action\":\"SQS:*\",\"Effect\":\"Allow\",\"Principal\":{\"AWS\":\"arn:aws:iam::261595668962:root\"},\"Resource\":\"arn:aws:sqs:us-east-1:261595668962:fromprom-dlq\",\"Sid\":\"__owner_statement\"}],\"Version\":\"2012-10-17\"}",
            "receive_wait_time_seconds": 0,
            "redrive_allow_policy": "",
            "redrive_policy": "",
            "region": "us-east-1",
            "sqs_managed_sse_enabled": true,
            "tags": {},
            "tags_all": {},
            "timeouts": null,
            "url": "https://sqs.us-east-1.amazonaws.com/261595668962/fromprom-dlq",
            "visibility_timeout_seconds": 30
          },
          "sensitive_attributes": [],
          "identity_schema_version": 1,
          "identity": {
            "url": "https://sqs.us-east-1.amazonaws.com/261595668962/fromprom-dlq"
          },
          "private": "eyJlMmJmYjczMC1lY2FhLTExZTYtOGY4OC0zNDM2M2JjN2M0YzAiOnsiY3JlYXRlIjoxODAwMDAwMDAwMDAsImRlbGV0ZSI6MTgwMDAwMDAwMDAwLCJ1cGRhdGUiOjE4MDAwMDAwMDAwMH0sInNjaGVtYV92ZXJzaW9uIjoiMCJ9"
        }
      ]
    }
  ],
  "check_results": null
}
